
Microsoft Visual Studio Solution File, Format Version 12.00
# Visual Studio Version 17
VisualStudioVersion = 17.3.32922.545
MinimumVisualStudioVersion = 10.0.40219.1
Project("{FAE04EC0-301F-11D3-BF4B-00C04F79EFBC}") = "ConsoleApp5", "ConsoleApp5\ConsoleApp5.csproj", "{9F0E48AA-4840-4E0A-BDE7-E04E0E768D07}"
EndProject
Global
	GlobalSection(SolutionConfigurationPlatforms) = preSolution
		Debug|Any CPU = Debug|Any CPU
		Release|Any CPU = Release|Any CPU
	EndGlobalSection
	GlobalSection(ProjectConfigurationPlatforms) = postSolution
		{9F0E48AA-4840-4E0A-BDE7-E04E0E768D07}.Debug|Any CPU.ActiveCfg = Debug|Any CPU
		{9F0E48AA-4840-4E0A-BDE7-E04E0E768D07}.Debug|Any CPU.Build.0 = Debug|Any CPU
		{9F0E48AA-4840-4E0A-BDE7-E04E0E768D07}.Release|Any CPU.ActiveCfg = Release|Any CPU
		{9F0E48AA-4840-4E0A-BDE7-E04E0E768D07}.Release|Any CPU.Build.0 = Release|Any CPU
	EndGlobalSection
	GlobalSection(SolutionProperties) = preSolution
		HideSolutionNode = FALSE
	EndGlobalSection
	GlobalSection(ExtensibilityGlobals) = postSolution
		SolutionGuid = {A40DA216-E254-4787-AFEB-719C315EF89E}
	EndGlobalSection
EndGlobal
